// !$*UTF8*$!
{
	archiveVersion = 1;
	classes = {
	};
	objectVersion = 46;
	objects = {

/* Begin PBXBuildFile section */
		3B67B3731E535980004183B9 /* ShakeDebug.swift in Sources */ = {isa = PBXBuildFile; fileRef = 3B67B3721E535980004183B9 /* ShakeDebug.swift */; };
		3B67B3751E53F882004183B9 /* Assets.xcassets in Resources */ = {isa = PBXBuildFile; fileRef = 3B67B3741E53F882004183B9 /* Assets.xcassets */; };
		3B67B37C1E54A1CC004183B9 /* AddTaskViewController.swift in Sources */ = {isa = PBXBuildFile; fileRef = 3B67B37B1E54A1CC004183B9 /* AddTaskViewController.swift */; };
		3B67B37E1E54A1F9004183B9 /* SettingViewController.swift in Sources */ = {isa = PBXBuildFile; fileRef = 3B67B37D1E54A1F9004183B9 /* SettingViewController.swift */; };
		3B7627FC1E52A70F0052C07A /* AppDelegate.swift in Sources */ = {isa = PBXBuildFile; fileRef = 3B7627FB1E52A70F0052C07A /* AppDelegate.swift */; };
		3B7628061E52A70F0052C07A /* LaunchScreen.storyboard in Resources */ = {isa = PBXBuildFile; fileRef = 3B7628041E52A70F0052C07A /* LaunchScreen.storyboard */; };
		3B7628111E52A70F0052C07A /* RxThingsTests.swift in Sources */ = {isa = PBXBuildFile; fileRef = 3B7628101E52A70F0052C07A /* RxThingsTests.swift */; };
		3B76281C1E52A70F0052C07A /* RxThingsUITests.swift in Sources */ = {isa = PBXBuildFile; fileRef = 3B76281B1E52A70F0052C07A /* RxThingsUITests.swift */; };
		3B76282A1E53367E0052C07A /* AppearanceConstants.swift in Sources */ = {isa = PBXBuildFile; fileRef = 3B7628291E53367E0052C07A /* AppearanceConstants.swift */; };
		3B76282C1E53419F0052C07A /* TodoListsViewController.swift in Sources */ = {isa = PBXBuildFile; fileRef = 3B76282B1E53419F0052C07A /* TodoListsViewController.swift */; };
		3BC2EA1F1E55E72F0081AEF8 /* ToDoTaskModel.swift in Sources */ = {isa = PBXBuildFile; fileRef = 3BC2EA1E1E55E72F0081AEF8 /* ToDoTaskModel.swift */; };
		A832620D62DA7BEB47367702 /* Pods_RxThings.framework in Frameworks */ = {isa = PBXBuildFile; fileRef = 19CDDCC43EEC00EDB2BAF07F /* Pods_RxThings.framework */; };
/* End PBXBuildFile section */

/* Begin PBXContainerItemProxy section */
		3B76280D1E52A70F0052C07A /* PBXContainerItemProxy */ = {
			isa = PBXContainerItemProxy;
			containerPortal = 3B7627F01E52A70F0052C07A /* Project object */;
			proxyType = 1;
			remoteGlobalIDString = 3B7627F71E52A70F0052C07A;
			remoteInfo = RxThings;
		};
		3B7628181E52A70F0052C07A /* PBXContainerItemProxy */ = {
			isa = PBXContainerItemProxy;
			containerPortal = 3B7627F01E52A70F0052C07A /* Project object */;
			proxyType = 1;
			remoteGlobalIDString = 3B7627F71E52A70F0052C07A;
			remoteInfo = RxThings;
		};
/* End PBXContainerItemProxy section */

/* Begin PBXFileReference section */
		19CDDCC43EEC00EDB2BAF07F /* Pods_RxThings.framework */ = {isa = PBXFileReference; explicitFileType = wrapper.framework; includeInIndex = 0; path = Pods_RxThings.framework; sourceTree = BUILT_PRODUCTS_DIR; };
		2811113AA6A261E85A606D3C /* Pods-RxThings.debug.xcconfig */ = {isa = PBXFileReference; includeInIndex = 1; lastKnownFileType = text.xcconfig; name = "Pods-RxThings.debug.xcconfig"; path = "Pods/Target Support Files/Pods-RxThings/Pods-RxThings.debug.xcconfig"; sourceTree = "<group>"; };
		3B67B3721E535980004183B9 /* ShakeDebug.swift */ = {isa = PBXFileReference; fileEncoding = 4; lastKnownFileType = sourcecode.swift; path = ShakeDebug.swift; sourceTree = "<group>"; };
		3B67B3741E53F882004183B9 /* Assets.xcassets */ = {isa = PBXFileReference; lastKnownFileType = folder.assetcatalog; path = Assets.xcassets; sourceTree = "<group>"; };
		3B67B37B1E54A1CC004183B9 /* AddTaskViewController.swift */ = {isa = PBXFileReference; fileEncoding = 4; lastKnownFileType = sourcecode.swift; path = AddTaskViewController.swift; sourceTree = "<group>"; };
		3B67B37D1E54A1F9004183B9 /* SettingViewController.swift */ = {isa = PBXFileReference; fileEncoding = 4; lastKnownFileType = sourcecode.swift; path = SettingViewController.swift; sourceTree = "<group>"; };
		3B7627F81E52A70F0052C07A /* RxThings.app */ = {isa = PBXFileReference; explicitFileType = wrapper.application; includeInIndex = 0; path = RxThings.app; sourceTree = BUILT_PRODUCTS_DIR; };
		3B7627FB1E52A70F0052C07A /* AppDelegate.swift */ = {isa = PBXFileReference; lastKnownFileType = sourcecode.swift; path = AppDelegate.swift; sourceTree = "<group>"; };
		3B7628051E52A70F0052C07A /* Base */ = {isa = PBXFileReference; lastKnownFileType = file.storyboard; name = Base; path = Base.lproj/LaunchScreen.storyboard; sourceTree = "<group>"; };
		3B7628071E52A70F0052C07A /* Info.plist */ = {isa = PBXFileReference; lastKnownFileType = text.plist.xml; path = Info.plist; sourceTree = "<group>"; };
		3B76280C1E52A70F0052C07A /* RxThingsTests.xctest */ = {isa = PBXFileReference; explicitFileType = wrapper.cfbundle; includeInIndex = 0; path = RxThingsTests.xctest; sourceTree = BUILT_PRODUCTS_DIR; };
		3B7628101E52A70F0052C07A /* RxThingsTests.swift */ = {isa = PBXFileReference; lastKnownFileType = sourcecode.swift; path = RxThingsTests.swift; sourceTree = "<group>"; };
		3B7628121E52A70F0052C07A /* Info.plist */ = {isa = PBXFileReference; lastKnownFileType = text.plist.xml; path = Info.plist; sourceTree = "<group>"; };
		3B7628171E52A70F0052C07A /* RxThingsUITests.xctest */ = {isa = PBXFileReference; explicitFileType = wrapper.cfbundle; includeInIndex = 0; path = RxThingsUITests.xctest; sourceTree = BUILT_PRODUCTS_DIR; };
		3B76281B1E52A70F0052C07A /* RxThingsUITests.swift */ = {isa = PBXFileReference; lastKnownFileType = sourcecode.swift; path = RxThingsUITests.swift; sourceTree = "<group>"; };
		3B76281D1E52A70F0052C07A /* Info.plist */ = {isa = PBXFileReference; lastKnownFileType = text.plist.xml; path = Info.plist; sourceTree = "<group>"; };
		3B7628291E53367E0052C07A /* AppearanceConstants.swift */ = {isa = PBXFileReference; fileEncoding = 4; lastKnownFileType = sourcecode.swift; path = AppearanceConstants.swift; sourceTree = "<group>"; };
		3B76282B1E53419F0052C07A /* TodoListsViewController.swift */ = {isa = PBXFileReference; fileEncoding = 4; lastKnownFileType = sourcecode.swift; path = TodoListsViewController.swift; sourceTree = "<group>"; };
		3BC2EA1E1E55E72F0081AEF8 /* ToDoTaskModel.swift */ = {isa = PBXFileReference; fileEncoding = 4; lastKnownFileType = sourcecode.swift; path = ToDoTaskModel.swift; sourceTree = "<group>"; };
		DF5DCDC1F1021C179854A4BA /* Pods-RxThings.release.xcconfig */ = {isa = PBXFileReference; includeInIndex = 1; lastKnownFileType = text.xcconfig; name = "Pods-RxThings.release.xcconfig"; path = "Pods/Target Support Files/Pods-RxThings/Pods-RxThings.release.xcconfig"; sourceTree = "<group>"; };
/* End PBXFileReference section */

/* Begin PBXFrameworksBuildPhase section */
		3B7627F51E52A70F0052C07A /* Frameworks */ = {
			isa = PBXFrameworksBuildPhase;
			buildActionMask = 2147483647;
			files = (
				A832620D62DA7BEB47367702 /* Pods_RxThings.framework in Frameworks */,
			);
			runOnlyForDeploymentPostprocessing = 0;
		};
		3B7628091E52A70F0052C07A /* Frameworks */ = {
			isa = PBXFrameworksBuildPhase;
			buildActionMask = 2147483647;
			files = (
			);
			runOnlyForDeploymentPostprocessing = 0;
		};
		3B7628141E52A70F0052C07A /* Frameworks */ = {
			isa = PBXFrameworksBuildPhase;
			buildActionMask = 2147483647;
			files = (
			);
			runOnlyForDeploymentPostprocessing = 0;
		};
/* End PBXFrameworksBuildPhase section */

/* Begin PBXGroup section */
		3B67B3761E540446004183B9 /* Controller */ = {
			isa = PBXGroup;
			children = (
				3B7627FB1E52A70F0052C07A /* AppDelegate.swift */,
				3B76282B1E53419F0052C07A /* TodoListsViewController.swift */,
				3B67B37B1E54A1CC004183B9 /* AddTaskViewController.swift */,
				3B67B37D1E54A1F9004183B9 /* SettingViewController.swift */,
			);
			name = Controller;
			sourceTree = "<group>";
		};
		3B67B3771E540450004183B9 /* View */ = {
			isa = PBXGroup;
			children = (
				3B67B3741E53F882004183B9 /* Assets.xcassets */,
				3B7628041E52A70F0052C07A /* LaunchScreen.storyboard */,
			);
			name = View;
			sourceTree = "<group>";
		};
		3B67B3781E54045A004183B9 /* Utility */ = {
			isa = PBXGroup;
			children = (
				3B67B3721E535980004183B9 /* ShakeDebug.swift */,
				3B7628291E53367E0052C07A /* AppearanceConstants.swift */,
				3B7628071E52A70F0052C07A /* Info.plist */,
			);
			name = Utility;
			sourceTree = "<group>";
		};
		3B7627EF1E52A70F0052C07A = {
			isa = PBXGroup;
			children = (
				3B7627FA1E52A70F0052C07A /* RxThings */,
				3B76280F1E52A70F0052C07A /* RxThingsTests */,
				3B76281A1E52A70F0052C07A /* RxThingsUITests */,
				3B7627F91E52A70F0052C07A /* Products */,
				BD6CF8978721BD6A8C983A85 /* Pods */,
				E8F54CA1C8FFC2FF1B5653EC /* Frameworks */,
			);
			sourceTree = "<group>";
		};
		3B7627F91E52A70F0052C07A /* Products */ = {
			isa = PBXGroup;
			children = (
				3B7627F81E52A70F0052C07A /* RxThings.app */,
				3B76280C1E52A70F0052C07A /* RxThingsTests.xctest */,
				3B7628171E52A70F0052C07A /* RxThingsUITests.xctest */,
			);
			name = Products;
			sourceTree = "<group>";
		};
		3B7627FA1E52A70F0052C07A /* RxThings */ = {
			isa = PBXGroup;
			children = (
				3B67B3781E54045A004183B9 /* Utility */,
				3BC2EA1D1E55E6F90081AEF8 /* Model */,
				3B67B3771E540450004183B9 /* View */,
				3B67B3761E540446004183B9 /* Controller */,
			);
			path = RxThings;
			sourceTree = "<group>";
		};
		3B76280F1E52A70F0052C07A /* RxThingsTests */ = {
			isa = PBXGroup;
			children = (
				3B7628101E52A70F0052C07A /* RxThingsTests.swift */,
				3B7628121E52A70F0052C07A /* Info.plist */,
			);
			path = RxThingsTests;
			sourceTree = "<group>";
		};
		3B76281A1E52A70F0052C07A /* RxThingsUITests */ = {
			isa = PBXGroup;
			children = (
				3B76281B1E52A70F0052C07A /* RxThingsUITests.swift */,
				3B76281D1E52A70F0052C07A /* Info.plist */,
			);
			path = RxThingsUITests;
			sourceTree = "<group>";
		};
		3BC2EA1D1E55E6F90081AEF8 /* Model */ = {
			isa = PBXGroup;
			children = (
				3BC2EA1E1E55E72F0081AEF8 /* ToDoTaskModel.swift */,
			);
			name = Model;
			sourceTree = "<group>";
		};
		BD6CF8978721BD6A8C983A85 /* Pods */ = {
			isa = PBXGroup;
			children = (
				2811113AA6A261E85A606D3C /* Pods-RxThings.debug.xcconfig */,
				DF5DCDC1F1021C179854A4BA /* Pods-RxThings.release.xcconfig */,
			);
			name = Pods;
			sourceTree = "<group>";
		};
		E8F54CA1C8FFC2FF1B5653EC /* Frameworks */ = {
			isa = PBXGroup;
			children = (
				19CDDCC43EEC00EDB2BAF07F /* Pods_RxThings.framework */,
			);
			name = Frameworks;
			sourceTree = "<group>";
		};
/* End PBXGroup section */

/* Begin PBXNativeTarget section */
		3B7627F71E52A70F0052C07A /* RxThings */ = {
			isa = PBXNativeTarget;
			buildConfigurationList = 3B7628201E52A70F0052C07A /* Build configuration list for PBXNativeTarget "RxThings" */;
			buildPhases = (
				AA0F77F7E39D9C7FAC38A324 /* [CP] Check Pods Manifest.lock */,
				3B7627F41E52A70F0052C07A /* Sources */,
				3B7627F51E52A70F0052C07A /* Frameworks */,
				3B7627F61E52A70F0052C07A /* Resources */,
				707B9F147751715AFB3446D8 /* [CP] Embed Pods Frameworks */,
				27BC6598D9F2D29A37592DE2 /* [CP] Copy Pods Resources */,
			);
			buildRules = (
			);
			dependencies = (
			);
			name = RxThings;
			productName = RxThings;
			productReference = 3B7627F81E52A70F0052C07A /* RxThings.app */;
			productType = "com.apple.product-type.application";
		};
		3B76280B1E52A70F0052C07A /* RxThingsTests */ = {
			isa = PBXNativeTarget;
			buildConfigurationList = 3B7628231E52A70F0052C07A /* Build configuration list for PBXNativeTarget "RxThingsTests" */;
			buildPhases = (
				3B7628081E52A70F0052C07A /* Sources */,
				3B7628091E52A70F0052C07A /* Frameworks */,
				3B76280A1E52A70F0052C07A /* Resources */,
			);
			buildRules = (
			);
			dependencies = (
				3B76280E1E52A70F0052C07A /* PBXTargetDependency */,
			);
			name = RxThingsTests;
			productName = RxThingsTests;
			productReference = 3B76280C1E52A70F0052C07A /* RxThingsTests.xctest */;
			productType = "com.apple.product-type.bundle.unit-test";
		};
		3B7628161E52A70F0052C07A /* RxThingsUITests */ = {
			isa = PBXNativeTarget;
			buildConfigurationList = 3B7628261E52A70F0052C07A /* Build configuration list for PBXNativeTarget "RxThingsUITests" */;
			buildPhases = (
				3B7628131E52A70F0052C07A /* Sources */,
				3B7628141E52A70F0052C07A /* Frameworks */,
				3B7628151E52A70F0052C07A /* Resources */,
			);
			buildRules = (
			);
			dependencies = (
				3B7628191E52A70F0052C07A /* PBXTargetDependency */,
			);
			name = RxThingsUITests;
			productName = RxThingsUITests;
			productReference = 3B7628171E52A70F0052C07A /* RxThingsUITests.xctest */;
			productType = "com.apple.product-type.bundle.ui-testing";
		};
/* End PBXNativeTarget section */

/* Begin PBXProject section */
		3B7627F01E52A70F0052C07A /* Project object */ = {
			isa = PBXProject;
			attributes = {
				LastSwiftUpdateCheck = 0830;
				LastUpgradeCheck = 0830;
				ORGANIZATIONNAME = silly;
				TargetAttributes = {
					3B7627F71E52A70F0052C07A = {
						CreatedOnToolsVersion = 8.3;
						DevelopmentTeam = 8CVTM26ZE7;
						ProvisioningStyle = Automatic;
					};
					3B76280B1E52A70F0052C07A = {
						CreatedOnToolsVersion = 8.3;
						DevelopmentTeam = 8CVTM26ZE7;
						ProvisioningStyle = Automatic;
						TestTargetID = 3B7627F71E52A70F0052C07A;
					};
					3B7628161E52A70F0052C07A = {
						CreatedOnToolsVersion = 8.3;
						DevelopmentTeam = 8CVTM26ZE7;
						ProvisioningStyle = Automatic;
						TestTargetID = 3B7627F71E52A70F0052C07A;
					};
				};
			};
			buildConfigurationList = 3B7627F31E52A70F0052C07A /* Build configuration list for PBXProject "RxThings" */;
			compatibilityVersion = "Xcode 3.2";
			developmentRegion = English;
			hasScannedForEncodings = 0;
			knownRegions = (
				en,
				Base,
			);
			mainGroup = 3B7627EF1E52A70F0052C07A;
			productRefGroup = 3B7627F91E52A70F0052C07A /* Products */;
			projectDirPath = "";
			projectRoot = "";
			targets = (
				3B7627F71E52A70F0052C07A /* RxThings */,
				3B76280B1E52A70F0052C07A /* RxThingsTests */,
				3B7628161E52A70F0052C07A /* RxThingsUITests */,
			);
		};
/* End PBXProject section */

/* Begin PBXResourcesBuildPhase section */
		3B7627F61E52A70F0052C07A /* Resources */ = {
			isa = PBXResourcesBuildPhase;
			buildActionMask = 2147483647;
			files = (
				3B67B3751E53F882004183B9 /* Assets.xcassets in Resources */,
				3B7628061E52A70F0052C07A /* LaunchScreen.storyboard in Resources */,
			);
			runOnlyForDeploymentPostprocessing = 0;
		};
		3B76280A1E52A70F0052C07A /* Resources */ = {
			isa = PBXResourcesBuildPhase;
			buildActionMask = 2147483647;
			files = (
			);
			runOnlyForDeploymentPostprocessing = 0;
		};
		3B7628151E52A70F0052C07A /* Resources */ = {
			isa = PBXResourcesBuildPhase;
			buildActionMask = 2147483647;
			files = (
			);
			runOnlyForDeploymentPostprocessing = 0;
		};
/* End PBXResourcesBuildPhase section */

/* Begin PBXShellScriptBuildPhase section */
		27BC6598D9F2D29A37592DE2 /* [CP] Copy Pods Resources */ = {
			isa = PBXShellScriptBuildPhase;
			buildActionMask = 2147483647;
			files = (
			);
			inputPaths = (
			);
			name = "[CP] Copy Pods Resources";
			outputPaths = (
			);
			runOnlyForDeploymentPostprocessing = 0;
			shellPath = /bin/sh;
			shellScript = "\"${SRCROOT}/Pods/Target Support Files/Pods-RxThings/Pods-RxThings-resources.sh\"\n";
			showEnvVarsInLog = 0;
		};
		707B9F147751715AFB3446D8 /* [CP] Embed Pods Frameworks */ = {
			isa = PBXShellScriptBuildPhase;
			buildActionMask = 2147483647;
			files = (
			);
			inputPaths = (
			);
			name = "[CP] Embed Pods Frameworks";
			outputPaths = (
			);
			runOnlyForDeploymentPostprocessing = 0;
			shellPath = /bin/sh;
			shellScript = "\"${SRCROOT}/Pods/Target Support Files/Pods-RxThings/Pods-RxThings-frameworks.sh\"\n";
			showEnvVarsInLog = 0;
		};
		AA0F77F7E39D9C7FAC38A324 /* [CP] Check Pods Manifest.lock */ = {
			isa = PBXShellScriptBuildPhase;
			buildActionMask = 2147483647;
			files = (
			);
			inputPaths = (
			);
			name = "[CP] Check Pods Manifest.lock";
			outputPaths = (
			);
			runOnlyForDeploymentPostprocessing = 0;
			shellPath = /bin/sh;
			shellScript = "diff \"${PODS_ROOT}/../Podfile.lock\" \"${PODS_ROOT}/Manifest.lock\" > /dev/null\nif [ $? != 0 ] ; then\n    # print error to STDERR\n    echo \"error: The sandbox is not in sync with the Podfile.lock. Run 'pod install' or update your CocoaPods installation.\" >&2\n    exit 1\nfi\n";
			showEnvVarsInLog = 0;
		};
/* End PBXShellScriptBuildPhase section */

/* Begin PBXSourcesBuildPhase section */
		3B7627F41E52A70F0052C07A /* Sources */ = {
			isa = PBXSourcesBuildPhase;
			buildActionMask = 2147483647;
			files = (
				3B76282C1E53419F0052C07A /* TodoListsViewController.swift in Sources */,
				3B76282A1E53367E0052C07A /* AppearanceConstants.swift in Sources */,
				3BC2EA1F1E55E72F0081AEF8 /* ToDoTaskModel.swift in Sources */,
				3B67B3731E535980004183B9 /* ShakeDebug.swift in Sources */,
				3B7627FC1E52A70F0052C07A /* AppDelegate.swift in Sources */,
				3B67B37C1E54A1CC004183B9 /* AddTaskViewController.swift in Sources */,
				3B67B37E1E54A1F9004183B9 /* SettingViewController.swift in Sources */,
			);
			runOnlyForDeploymentPostprocessing = 0;
		};
		3B7628081E52A70F0052C07A /* Sources */ = {
			isa = PBXSourcesBuildPhase;
			buildActionMask = 2147483647;
			files = (
				3B7628111E52A70F0052C07A /* RxThingsTests.swift in Sources */,
			);
			runOnlyForDeploymentPostprocessing = 0;
		};
		3B7628131E52A70F0052C07A /* Sources */ = {
			isa = PBXSourcesBuildPhase;
			buildActionMask = 2147483647;
			files = (
				3B76281C1E52A70F0052C07A /* RxThingsUITests.swift in Sources */,
			);
			runOnlyForDeploymentPostprocessing = 0;
		};
/* End PBXSourcesBuildPhase section */

/* Begin PBXTargetDependency section */
		3B76280E1E52A70F0052C07A /* PBXTargetDependency */ = {
			isa = PBXTargetDependency;
			target = 3B7627F71E52A70F0052C07A /* RxThings */;
			targetProxy = 3B76280D1E52A70F0052C07A /* PBXContainerItemProxy */;
		};
		3B7628191E52A70F0052C07A /* PBXTargetDependency */ = {
			isa = PBXTargetDependency;
			target = 3B7627F71E52A70F0052C07A /* RxThings */;
			targetProxy = 3B7628181E52A70F0052C07A /* PBXContainerItemProxy */;
		};
/* End PBXTargetDependency section */

/* Begin PBXVariantGroup section */
		3B7628041E52A70F0052C07A /* LaunchScreen.storyboard */ = {
			isa = PBXVariantGroup;
			children = (
				3B7628051E52A70F0052C07A /* Base */,
			);
			name = LaunchScreen.storyboard;
			sourceTree = "<group>";
		};
/* End PBXVariantGroup section */

/* Begin XCBuildConfiguration section */
		3B76281E1E52A70F0052C07A /* Debug */ = {
			isa = XCBuildConfiguration;
			buildSettings = {
				ALWAYS_SEARCH_USER_PATHS = NO;
				CLANG_ANALYZER_NONNULL = YES;
				CLANG_ANALYZER_NUMBER_OBJECT_CONVERSION = YES_AGGRESSIVE;
				CLANG_CXX_LANGUAGE_STANDARD = "gnu++0x";
				CLANG_CXX_LIBRARY = "libc++";
				CLANG_ENABLE_MODULES = YES;
				CLANG_ENABLE_OBJC_ARC = YES;
				CLANG_WARN_BOOL_CONVERSION = YES;
				CLANG_WARN_CONSTANT_CONVERSION = YES;
				CLANG_WARN_DIRECT_OBJC_ISA_USAGE = YES_ERROR;
				CLANG_WARN_DOCUMENTATION_COMMENTS = YES;
				CLANG_WARN_EMPTY_BODY = YES;
				CLANG_WARN_ENUM_CONVERSION = YES;
				CLANG_WARN_INFINITE_RECURSION = YES;
				CLANG_WARN_INT_CONVERSION = YES;
				CLANG_WARN_OBJC_ROOT_CLASS = YES_ERROR;
				CLANG_WARN_SUSPICIOUS_MOVE = YES;
				CLANG_WARN_UNREACHABLE_CODE = YES;
				CLANG_WARN__DUPLICATE_METHOD_MATCH = YES;
				"CODE_SIGN_IDENTITY[sdk=iphoneos*]" = "iPhone Developer";
				COPY_PHASE_STRIP = NO;
				DEBUG_INFORMATION_FORMAT = dwarf;
				ENABLE_STRICT_OBJC_MSGSEND = YES;
				ENABLE_TESTABILITY = YES;
				GCC_C_LANGUAGE_STANDARD = gnu99;
				GCC_DYNAMIC_NO_PIC = NO;
				GCC_NO_COMMON_BLOCKS = YES;
				GCC_OPTIMIZATION_LEVEL = 0;
				GCC_PREPROCESSOR_DEFINITIONS = (
					"DEBUG=1",
					"$(inherited)",
				);
				GCC_WARN_64_TO_32_BIT_CONVERSION = YES;
				GCC_WARN_ABOUT_RETURN_TYPE = YES_ERROR;
				GCC_WARN_UNDECLARED_SELECTOR = YES;
				GCC_WARN_UNINITIALIZED_AUTOS = YES_AGGRESSIVE;
				GCC_WARN_UNUSED_FUNCTION = YES;
				GCC_WARN_UNUSED_VARIABLE = YES;
				IPHONEOS_DEPLOYMENT_TARGET = 10.3;
				MTL_ENABLE_DEBUG_INFO = YES;
				ONLY_ACTIVE_ARCH = YES;
				SDKROOT = iphoneos;
				SWIFT_ACTIVE_COMPILATION_CONDITIONS = DEBUG;
				SWIFT_OPTIMIZATION_LEVEL = "-Onone";
				TARGETED_DEVICE_FAMILY = "1,2";
			};
			name = Debug;
		};
		3B76281F1E52A70F0052C07A /* Release */ = {
			isa = XCBuildConfiguration;
			buildSettings = {
				ALWAYS_SEARCH_USER_PATHS = NO;
				CLANG_ANALYZER_NONNULL = YES;
				CLANG_ANALYZER_NUMBER_OBJECT_CONVERSION = YES_AGGRESSIVE;
				CLANG_CXX_LANGUAGE_STANDARD = "gnu++0x";
				CLANG_CXX_LIBRARY = "libc++";
				CLANG_ENABLE_MODULES = YES;
				CLANG_ENABLE_OBJC_ARC = YES;
				CLANG_WARN_BOOL_CONVERSION = YES;
				CLANG_WARN_CONSTANT_CONVERSION = YES;
				CLANG_WARN_DIRECT_OBJC_ISA_USAGE = YES_ERROR;
				CLANG_WARN_DOCUMENTATION_COMMENTS = YES;
				CLANG_WARN_EMPTY_BODY = YES;
				CLANG_WARN_ENUM_CONVERSION = YES;
				CLANG_WARN_INFINITE_RECURSION = YES;
				CLANG_WARN_INT_CONVERSION = YES;
				CLANG_WARN_OBJC_ROOT_CLASS = YES_ERROR;
				CLANG_WARN_SUSPICIOUS_MOVE = YES;
				CLANG_WARN_UNREACHABLE_CODE = YES;
				CLANG_WARN__DUPLICATE_METHOD_MATCH = YES;
				"CODE_SIGN_IDENTITY[sdk=iphoneos*]" = "iPhone Developer";
				COPY_PHASE_STRIP = NO;
				DEBUG_INFORMATION_FORMAT = "dwarf-with-dsym";
				ENABLE_NS_ASSERTIONS = NO;
				ENABLE_STRICT_OBJC_MSGSEND = YES;
				GCC_C_LANGUAGE_STANDARD = gnu99;
				GCC_NO_COMMON_BLOCKS = YES;
				GCC_WARN_64_TO_32_BIT_CONVERSION = YES;
				GCC_WARN_ABOUT_RETURN_TYPE = YES_ERROR;
				GCC_WARN_UNDECLARED_SELECTOR = YES;
				GCC_WARN_UNINITIALIZED_AUTOS = YES_AGGRESSIVE;
				GCC_WARN_UNUSED_FUNCTION = YES;
				GCC_WARN_UNUSED_VARIABLE = YES;
				IPHONEOS_DEPLOYMENT_TARGET = 10.3;
				MTL_ENABLE_DEBUG_INFO = NO;
				SDKROOT = iphoneos;
				SWIFT_OPTIMIZATION_LEVEL = "-Owholemodule";
				TARGETED_DEVICE_FAMILY = "1,2";
				VALIDATE_PRODUCT = YES;
			};
			name = Release;
		};
		3B7628211E52A70F0052C07A /* Debug */ = {
			isa = XCBuildConfiguration;
			baseConfigurationReference = 2811113AA6A261E85A606D3C /* Pods-RxThings.debug.xcconfig */;
			buildSettings = {
				ASSETCATALOG_COMPILER_APPICON_NAME = AppIcon;
				DEVELOPMENT_TEAM = 8CVTM26ZE7;
				INFOPLIST_FILE = RxThings/Info.plist;
				IPHONEOS_DEPLOYMENT_TARGET = 10.0;
				LD_RUNPATH_SEARCH_PATHS = "$(inherited) @executable_path/Frameworks";
				PRODUCT_BUNDLE_IDENTIFIER = com.applesysu.RxThings;
				PRODUCT_NAME = "$(TARGET_NAME)";
				SWIFT_VERSION = 3.0;
				TARGETED_DEVICE_FAMILY = 1;
			};
			name = Debug;
		};
		3B7628221E52A70F0052C07A /* Release */ = {
			isa = XCBuildConfiguration;
			baseConfigurationReference = DF5DCDC1F1021C179854A4BA /* Pods-RxThings.release.xcconfig */;
			buildSettings = {
				ASSETCATALOG_COMPILER_APPICON_NAME = AppIcon;
				DEVELOPMENT_TEAM = 8CVTM26ZE7;
				INFOPLIST_FILE = RxThings/Info.plist;
				IPHONEOS_DEPLOYMENT_TARGET = 10.0;
				LD_RUNPATH_SEARCH_PATHS = "$(inherited) @executable_path/Frameworks";
				PRODUCT_BUNDLE_IDENTIFIER = com.applesysu.RxThings;
				PRODUCT_NAME = "$(TARGET_NAME)";
				SWIFT_VERSION = 3.0;
				TARGETED_DEVICE_FAMILY = 1;
			};
			name = Release;
		};
		3B7628241E52A70F0052C07A /* Debug */ = {
			isa = XCBuildConfiguration;
			buildSettings = {
				ALWAYS_EMBED_SWIFT_STANDARD_LIBRARIES = YES;
				BUNDLE_LOADER = "$(TEST_HOST)";
				DEVELOPMENT_TEAM = 8CVTM26ZE7;
				INFOPLIST_FILE = RxThingsTests/Info.plist;
				LD_RUNPATH_SEARCH_PATHS = "$(inherited) @executable_path/Frameworks @loader_path/Frameworks";
				PRODUCT_BUNDLE_IDENTIFIER = com.applesysu.RxThingsTests;
				PRODUCT_NAME = "$(TARGET_NAME)";
				SWIFT_VERSION = 3.0;
				TEST_HOST = "$(BUILT_PRODUCTS_DIR)/RxThings.app/RxThings";
			};
			name = Debug;
		};
		3B7628251E52A70F0052C07A /* Release */ = {
			isa = XCBuildConfiguration;
			buildSettings = {
				ALWAYS_EMBED_SWIFT_STANDARD_LIBRARIES = YES;
				BUNDLE_LOADER = "$(TEST_HOST)";
				DEVELOPMENT_TEAM = 8CVTM26ZE7;
				INFOPLIST_FILE = RxThingsTests/Info.plist;
				LD_RUNPATH_SEARCH_PATHS = "$(inherited) @executable_path/Frameworks @loader_path/Frameworks";
				PRODUCT_BUNDLE_IDENTIFIER = com.applesysu.RxThingsTests;
				PRODUCT_NAME = "$(TARGET_NAME)";
				SWIFT_VERSION = 3.0;
				TEST_HOST = "$(BUILT_PRODUCTS_DIR)/RxThings.app/RxThings";
			};
			name = Release;
		};
		3B7628271E52A70F0052C07A /* Debug */ = {
			isa = XCBuildConfiguration;
			buildSettings = {
				ALWAYS_EMBED_SWIFT_STANDARD_LIBRARIES = YES;
				DEVELOPMENT_TEAM = 8CVTM26ZE7;
				INFOPLIST_FILE = RxThingsUITests/Info.plist;
				LD_RUNPATH_SEARCH_PATHS = "$(inherited) @executable_path/Frameworks @loader_path/Frameworks";
				PRODUCT_BUNDLE_IDENTIFIER = com.applesysu.RxThingsUITests;
				PRODUCT_NAME = "$(TARGET_NAME)";
				SWIFT_VERSION = 3.0;
				TEST_TARGET_NAME = RxThings;
			};
			name = Debug;
		};
		3B7628281E52A70F0052C07A /* Release */ = {
			isa = XCBuildConfiguration;
			buildSettings = {
				ALWAYS_EMBED_SWIFT_STANDARD_LIBRARIES = YES;
				DEVELOPMENT_TEAM = 8CVTM26ZE7;
				INFOPLIST_FILE = RxThingsUITests/Info.plist;
				LD_RUNPATH_SEARCH_PATHS = "$(inherited) @executable_path/Frameworks @loader_path/Frameworks";
				PRODUCT_BUNDLE_IDENTIFIER = com.applesysu.RxThingsUITests;
				PRODUCT_NAME = "$(TARGET_NAME)";
				SWIFT_VERSION = 3.0;
				TEST_TARGET_NAME = RxThings;
			};
			name = Release;
		};
/* End XCBuildConfiguration section */

/* Begin XCConfigurationList section */
		3B7627F31E52A70F0052C07A /* Build configuration list for PBXProject "RxThings" */ = {
			isa = XCConfigurationList;
			buildConfigurations = (
				3B76281E1E52A70F0052C07A /* Debug */,
				3B76281F1E52A70F0052C07A /* Release */,
			);
			defaultConfigurationIsVisible = 0;
			defaultConfigurationName = Release;
		};
		3B7628201E52A70F0052C07A /* Build configuration list for PBXNativeTarget "RxThings" */ = {
			isa = XCConfigurationList;
			buildConfigurations = (
				3B7628211E52A70F0052C07A /* Debug */,
				3B7628221E52A70F0052C07A /* Release */,
			);
			defaultConfigurationIsVisible = 0;
			defaultConfigurationName = Release;
		};
		3B7628231E52A70F0052C07A /* Build configuration list for PBXNativeTarget "RxThingsTests" */ = {
			isa = XCConfigurationList;
			buildConfigurations = (
				3B7628241E52A70F0052C07A /* Debug */,
				3B7628251E52A70F0052C07A /* Release */,
			);
			defaultConfigurationIsVisible = 0;
			defaultConfigurationName = Release;
		};
		3B7628261E52A70F0052C07A /* Build configuration list for PBXNativeTarget "RxThingsUITests" */ = {
			isa = XCConfigurationList;
			buildConfigurations = (
				3B7628271E52A70F0052C07A /* Debug */,
				3B7628281E52A70F0052C07A /* Release */,
			);
			defaultConfigurationIsVisible = 0;
			defaultConfigurationName = Release;
		};
/* End XCConfigurationList section */
	};
	rootObject = 3B7627F01E52A70F0052C07A /* Project object */;
}
